// !$*UTF8*$!
{
	archiveVersion = 1;
	classes = {
	};
	objectVersion = 46;
	objects = {

/* Begin PBXBuildFile section */
		49C787731C54BDCD00B1FE6D /* main.m in Sources */ = {isa = PBXBuildFile; fileRef = 49C787721C54BDCD00B1FE6D /* main.m */; };
		49C787761C54BDCD00B1FE6D /* AppDelegate.m in Sources */ = {isa = PBXBuildFile; fileRef = 49C787751C54BDCD00B1FE6D /* AppDelegate.m */; };
		49C787791C54BDCD00B1FE6D /* ViewController.m in Sources */ = {isa = PBXBuildFile; fileRef = 49C787781C54BDCD00B1FE6D /* ViewController.m */; };
		49C7877C1C54BDCD00B1FE6D /* Main.storyboard in Resources */ = {isa = PBXBuildFile; fileRef = 49C7877A1C54BDCD00B1FE6D /* Main.storyboard */; };
		49C7877E1C54BDCD00B1FE6D /* Images.xcassets in Resources */ = {isa = PBXBuildFile; fileRef = 49C7877D1C54BDCD00B1FE6D /* Images.xcassets */; };
		49C787811C54BDCD00B1FE6D /* LaunchScreen.xib in Resources */ = {isa = PBXBuildFile; fileRef = 49C7877F1C54BDCD00B1FE6D /* LaunchScreen.xib */; };
		49C7878D1C54BDCE00B1FE6D /* TabBarTestTests.m in Sources */ = {isa = PBXBuildFile; fileRef = 49C7878C1C54BDCE00B1FE6D /* TabBarTestTests.m */; };
/* End PBXBuildFile section */

/* Begin PBXContainerItemProxy section */
		49C787871C54BDCD00B1FE6D /* PBXContainerItemProxy */ = {
			isa = PBXContainerItemProxy;
			containerPortal = 49C787651C54BDCD00B1FE6D /* Project object */;
			proxyType = 1;
			remoteGlobalIDString = 49C7876C1C54BDCD00B1FE6D;
			remoteInfo = TabBarTest;
		};
/* End PBXContainerItemProxy section */

/* Begin PBXFileReference section */
		49C7876D1C54BDCD00B1FE6D /* TabBarTest.app */ = {isa = PBXFileReference; explicitFileType = wrapper.application; includeInIndex = 0; path = TabBarTest.app; sourceTree = BUILT_PRODUCTS_DIR; };
		49C787711C54BDCD00B1FE6D /* Info.plist */ = {isa = PBXFileReference; lastKnownFileType = text.plist.xml; path = Info.plist; sourceTree = "<group>"; };
		49C787721C54BDCD00B1FE6D /* main.m */ = {isa = PBXFileReference; lastKnownFileType = sourcecode.c.objc; path = main.m; sourceTree = "<group>"; };
		49C787741C54BDCD00B1FE6D /* AppDelegate.h */ = {isa = PBXFileReference; lastKnownFileType = sourcecode.c.h; path = AppDelegate.h; sourceTree = "<group>"; };
		49C787751C54BDCD00B1FE6D /* AppDelegate.m */ = {isa = PBXFileReference; lastKnownFileType = sourcecode.c.objc; path = AppDelegate.m; sourceTree = "<group>"; };
		49C787771C54BDCD00B1FE6D /* ViewController.h */ = {isa = PBXFileReference; lastKnownFileType = sourcecode.c.h; path = ViewController.h; sourceTree = "<group>"; };
		49C787781C54BDCD00B1FE6D /* ViewController.m */ = {isa = PBXFileReference; lastKnownFileType = sourcecode.c.objc; path = ViewController.m; sourceTree = "<group>"; };
		49C7877B1C54BDCD00B1FE6D /* Base */ = {isa = PBXFileReference; lastKnownFileType = file.storyboard; name = Base; path = Base.lproj/Main.storyboard; sourceTree = "<group>"; };
		49C7877D1C54BDCD00B1FE6D /* Images.xcassets */ = {isa = PBXFileReference; lastKnownFileType = folder.assetcatalog; path = Images.xcassets; sourceTree = "<group>"; };
		49C787801C54BDCD00B1FE6D /* Base */ = {isa = PBXFileReference; lastKnownFileType = file.xib; name = Base; path = Base.lproj/LaunchScreen.xib; sourceTree = "<group>"; };
		49C787861C54BDCD00B1FE6D /* TabBarTestTests.xctest */ = {isa = PBXFileReference; explicitFileType = wrapper.cfbundle; includeInIndex = 0; path = TabBarTestTests.xctest; sourceTree = BUILT_PRODUCTS_DIR; };
		49C7878B1C54BDCE00B1FE6D /* Info.plist */ = {isa = PBXFileReference; lastKnownFileType = text.plist.xml; path = Info.plist; sourceTree = "<group>"; };
		49C7878C1C54BDCE00B1FE6D /* TabBarTestTests.m */ = {isa = PBXFileReference; lastKnownFileType = sourcecode.c.objc; path = TabBarTestTests.m; sourceTree = "<group>"; };
/* End PBXFileReference section */

/* Begin PBXFrameworksBuildPhase section */
		49C7876A1C54BDCD00B1FE6D /* Frameworks */ = {
			isa = PBXFrameworksBuildPhase;
			buildActionMask = 2147483647;
			files = (
			);
			runOnlyForDeploymentPostprocessing = 0;
		};
		49C787831C54BDCD00B1FE6D /* Frameworks */ = {
			isa = PBXFrameworksBuildPhase;
			buildActionMask = 2147483647;
			files = (
			);
			runOnlyForDeploymentPostprocessing = 0;
		};
/* End PBXFrameworksBuildPhase section */

/* Begin PBXGroup section */
		49C787641C54BDCD00B1FE6D = {
			isa = PBXGroup;
			children = (
				49C7876F1C54BDCD00B1FE6D /* TabBarTest */,
				49C787891C54BDCD00B1FE6D /* TabBarTestTests */,
				49C7876E1C54BDCD00B1FE6D /* Products */,
			);
			sourceTree = "<group>";
		};
		49C7876E1C54BDCD00B1FE6D /* Products */ = {
			isa = PBXGroup;
			children = (
				49C7876D1C54BDCD00B1FE6D /* TabBarTest.app */,
				49C787861C54BDCD00B1FE6D /* TabBarTestTests.xctest */,
			);
			name = Products;
			sourceTree = "<group>";
		};
		49C7876F1C54BDCD00B1FE6D /* TabBarTest */ = {
			isa = PBXGroup;
			children = (
				49C787741C54BDCD00B1FE6D /* AppDelegate.h */,
				49C787751C54BDCD00B1FE6D /* AppDelegate.m */,
				49C787771C54BDCD00B1FE6D /* ViewController.h */,
				49C787781C54BDCD00B1FE6D /* ViewController.m */,
				49C7877A1C54BDCD00B1FE6D /* Main.storyboard */,
				49C7877D1C54BDCD00B1FE6D /* Images.xcassets */,
				49C7877F1C54BDCD00B1FE6D /* LaunchScreen.xib */,
				49C787701C54BDCD00B1FE6D /* Supporting Files */,
			);
			path = TabBarTest;
			sourceTree = "<group>";
		};
		49C787701C54BDCD00B1FE6D /* Supporting Files */ = {
			isa = PBXGroup;
			children = (
				49C787711C54BDCD00B1FE6D /* Info.plist */,
				49C787721C54BDCD00B1FE6D /* main.m */,
			);
			name = "Supporting Files";
			sourceTree = "<group>";
		};
		49C787891C54BDCD00B1FE6D /* TabBarTestTests */ = {
			isa = PBXGroup;
			children = (
				49C7878C1C54BDCE00B1FE6D /* TabBarTestTests.m */,
				49C7878A1C54BDCE00B1FE6D /* Supporting Files */,
			);
			path = TabBarTestTests;
			sourceTree = "<group>";
		};
		49C7878A1C54BDCE00B1FE6D /* Supporting Files */ = {
			isa = PBXGroup;
			children = (
				49C7878B1C54BDCE00B1FE6D /* Info.plist */,
			);
			name = "Supporting Files";
			sourceTree = "<group>";
		};
/* End PBXGroup section */

/* Begin PBXNativeTarget section */
		49C7876C1C54BDCD00B1FE6D /* TabBarTest */ = {
			isa = PBXNativeTarget;
			buildConfigurationList = 49C787901C54BDCE00B1FE6D /* Build configuration list for PBXNativeTarget "TabBarTest" */;
			buildPhases = (
				49C787691C54BDCD00B1FE6D /* Sources */,
				49C7876A1C54BDCD00B1FE6D /* Frameworks */,
				49C7876B1C54BDCD00B1FE6D /* Resources */,
			);
			buildRules = (
			);
			dependencies = (
			);
			name = TabBarTest;
			productName = TabBarTest;
			productReference = 49C7876D1C54BDCD00B1FE6D /* TabBarTest.app */;
			productType = "com.apple.product-type.application";
		};
		49C787851C54BDCD00B1FE6D /* TabBarTestTests */ = {
			isa = PBXNativeTarget;
			buildConfigurationList = 49C787931C54BDCE00B1FE6D /* Build configuration list for PBXNativeTarget "TabBarTestTests" */;
			buildPhases = (
				49C787821C54BDCD00B1FE6D /* Sources */,
				49C787831C54BDCD00B1FE6D /* Frameworks */,
				49C787841C54BDCD00B1FE6D /* Resources */,
			);
			buildRules = (
			);
			dependencies = (
				49C787881C54BDCD00B1FE6D /* PBXTargetDependency */,
			);
			name = TabBarTestTests;
			productName = TabBarTestTests;
			productReference = 49C787861C54BDCD00B1FE6D /* TabBarTestTests.xctest */;
			productType = "com.apple.product-type.bundle.unit-test";
		};
/* End PBXNativeTarget section */

/* Begin PBXProject section */
		49C787651C54BDCD00B1FE6D /* Project object */ = {
			isa = PBXProject;
			attributes = {
				LastUpgradeCheck = 0610;
				ORGANIZATIONNAME = Leonly91;
				TargetAttributes = {
					49C7876C1C54BDCD00B1FE6D = {
						CreatedOnToolsVersion = 6.1.1;
					};
					49C787851C54BDCD00B1FE6D = {
						CreatedOnToolsVersion = 6.1.1;
						TestTargetID = 49C7876C1C54BDCD00B1FE6D;
					};
				};
			};
			buildConfigurationList = 49C787681C54BDCD00B1FE6D /* Build configuration list for PBXProject "TabBarTest" */;
			compatibilityVersion = "Xcode 3.2";
			developmentRegion = English;
			hasScannedForEncodings = 0;
			knownRegions = (
				en,
				Base,
			);
			mainGroup = 49C787641C54BDCD00B1FE6D;
			productRefGroup = 49C7876E1C54BDCD00B1FE6D /* Products */;
			projectDirPath = "";
			projectRoot = "";
			targets = (
				49C7876C1C54BDCD00B1FE6D /* TabBarTest */,
				49C787851C54BDCD00B1FE6D /* TabBarTestTests */,
			);
		};
/* End PBXProject section */

/* Begin PBXResourcesBuildPhase section */
		49C7876B1C54BDCD00B1FE6D /* Resources */ = {
			isa = PBXResourcesBuildPhase;
			buildActionMask = 2147483647;
			files = (
				49C7877C1C54BDCD00B1FE6D /* Main.storyboard in Resources */,
				49C787811C54BDCD00B1FE6D /* LaunchScreen.xib in Resources */,
				49C7877E1C54BDCD00B1FE6D /* Images.xcassets in Resources */,
			);
			runOnlyForDeploymentPostprocessing = 0;
		};
		49C787841C54BDCD00B1FE6D /* Resources */ = {
			isa = PBXResourcesBuildPhase;
			buildActionMask = 2147483647;
			files = (
			);
			runOnlyForDeploymentPostprocessing = 0;
		};
/* End PBXResourcesBuildPhase section */

/* Begin PBXSourcesBuildPhase section */
		49C787691C54BDCD00B1FE6D /* Sources */ = {
			isa = PBXSourcesBuildPhase;
			buildActionMask = 2147483647;
			files = (
				49C787791C54BDCD00B1FE6D /* ViewController.m in Sources */,
				49C787761C54BDCD00B1FE6D /* AppDelegate.m in Sources */,
				49C787731C54BDCD00B1FE6D /* main.m in Sources */,
			);
			runOnlyForDeploymentPostprocessing = 0;
		};
		49C787821C54BDCD00B1FE6D /* Sources */ = {
			isa = PBXSourcesBuildPhase;
			buildActionMask = 2147483647;
			files = (
				49C7878D1C54BDCE00B1FE6D /* TabBarTestTests.m in Sources */,
			);
			runOnlyForDeploymentPostprocessing = 0;
		};
/* End PBXSourcesBuildPhase section */

/* Begin PBXTargetDependency section */
		49C787881C54BDCD00B1FE6D /* PBXTargetDependency */ = {
			isa = PBXTargetDependency;
			target = 49C7876C1C54BDCD00B1FE6D /* TabBarTest */;
			targetProxy = 49C787871C54BDCD00B1FE6D /* PBXContainerItemProxy */;
		};
/* End PBXTargetDependency section */

/* Begin PBXVariantGroup section */
		49C7877A1C54BDCD00B1FE6D /* Main.storyboard */ = {
			isa = PBXVariantGroup;
			children = (
				49C7877B1C54BDCD00B1FE6D /* Base */,
			);
			name = Main.storyboard;
			sourceTree = "<group>";
		};
		49C7877F1C54BDCD00B1FE6D /* LaunchScreen.xib */ = {
			isa = PBXVariantGroup;
			children = (
				49C787801C54BDCD00B1FE6D /* Base */,
			);
			name = LaunchScreen.xib;
			sourceTree = "<group>";
		};
/* End PBXVariantGroup section */

/* Begin XCBuildConfiguration section */
		49C7878E1C54BDCE00B1FE6D /* Debug */ = {
			isa = XCBuildConfiguration;
			buildSettings = {
				ALWAYS_SEARCH_USER_PATHS = NO;
				CLANG_CXX_LANGUAGE_STANDARD = "gnu++0x";
				CLANG_CXX_LIBRARY = "libc++";
				CLANG_ENABLE_MODULES = YES;
				CLANG_ENABLE_OBJC_ARC = YES;
				CLANG_WARN_BOOL_CONVERSION = YES;
				CLANG_WARN_CONSTANT_CONVERSION = YES;
				CLANG_WARN_DIRECT_OBJC_ISA_USAGE = YES_ERROR;
				CLANG_WARN_EMPTY_BODY = YES;
				CLANG_WARN_ENUM_CONVERSION = YES;
				CLANG_WARN_INT_CONVERSION = YES;
				CLANG_WARN_OBJC_ROOT_CLASS = YES_ERROR;
				CLANG_WARN_UNREACHABLE_CODE = YES;
				CLANG_WARN__DUPLICATE_METHOD_MATCH = YES;
				"CODE_SIGN_IDENTITY[sdk=iphoneos*]" = "iPhone Developer";
				COPY_PHASE_STRIP = NO;
				ENABLE_STRICT_OBJC_MSGSEND = YES;
				GCC_C_LANGUAGE_STANDARD = gnu99;
				GCC_DYNAMIC_NO_PIC = NO;
				GCC_OPTIMIZATION_LEVEL = 0;
				GCC_PREPROCESSOR_DEFINITIONS = (
					"DEBUG=1",
					"$(inherited)",
				);
				GCC_SYMBOLS_PRIVATE_EXTERN = NO;
				GCC_WARN_64_TO_32_BIT_CONVERSION = YES;
				GCC_WARN_ABOUT_RETURN_TYPE = YES_ERROR;
				GCC_WARN_UNDECLARED_SELECTOR = YES;
				GCC_WARN_UNINITIALIZED_AUTOS = YES_AGGRESSIVE;
				GCC_WARN_UNUSED_FUNCTION = YES;
				GCC_WARN_UNUSED_VARIABLE = YES;
				IPHONEOS_DEPLOYMENT_TARGET = 8.1;
				MTL_ENABLE_DEBUG_INFO = YES;
				ONLY_ACTIVE_ARCH = YES;
				SDKROOT = iphoneos;
			};
			name = Debug;
		};
		49C7878F1C54BDCE00B1FE6D /* Release */ = {
			isa = XCBuildConfiguration;
			buildSettings = {
				ALWAYS_SEARCH_USER_PATHS = NO;
				CLANG_CXX_LANGUAGE_STANDARD = "gnu++0x";
				CLANG_CXX_LIBRARY = "libc++";
				CLANG_ENABLE_MODULES = YES;
				CLANG_ENABLE_OBJC_ARC = YES;
				CLANG_WARN_BOOL_CONVERSION = YES;
				CLANG_WARN_CONSTANT_CONVERSION = YES;
				CLANG_WARN_DIRECT_OBJC_ISA_USAGE = YES_ERROR;
				CLANG_WARN_EMPTY_BODY = YES;
				CLANG_WARN_ENUM_CONVERSION = YES;
				CLANG_WARN_INT_CONVERSION = YES;
				CLANG_WARN_OBJC_ROOT_CLASS = YES_ERROR;
				CLANG_WARN_UNREACHABLE_CODE = YES;
				CLANG_WARN__DUPLICATE_METHOD_MATCH = YES;
				"CODE_SIGN_IDENTITY[sdk=iphoneos*]" = "iPhone Developer";
				COPY_PHASE_STRIP = YES;
				ENABLE_NS_ASSERTIONS = NO;
				ENABLE_STRICT_OBJC_MSGSEND = YES;
				GCC_C_LANGUAGE_STANDARD = gnu99;
				GCC_WARN_64_TO_32_BIT_CONVERSION = YES;
				GCC_WARN_ABOUT_RETURN_TYPE = YES_ERROR;
				GCC_WARN_UNDECLARED_SELECTOR = YES;
				GCC_WARN_UNINITIALIZED_AUTOS = YES_AGGRESSIVE;
				GCC_WARN_UNUSED_FUNCTION = YES;
				GCC_WARN_UNUSED_VARIABLE = YES;
				IPHONEOS_DEPLOYMENT_TARGET = 8.1;
				MTL_ENABLE_DEBUG_INFO = NO;
				SDKROOT = iphoneos;
				VALIDATE_PRODUCT = YES;
			};
			name = Release;
		};
		49C787911C54BDCE00B1FE6D /* Debug */ = {
			isa = XCBuildConfiguration;
			buildSettings = {
				ASSETCATALOG_COMPILER_APPICON_NAME = AppIcon;
				INFOPLIST_FILE = TabBarTest/Info.plist;
				LD_RUNPATH_SEARCH_PATHS = "$(inherited) @executable_path/Frameworks";
				PRODUCT_NAME = "$(TARGET_NAME)";
			};
			name = Debug;
		};
		49C787921C54BDCE00B1FE6D /* Release */ = {
			isa = XCBuildConfiguration;
			buildSettings = {
				ASSETCATALOG_COMPILER_APPICON_NAME = AppIcon;
				INFOPLIST_FILE = TabBarTest/Info.plist;
				LD_RUNPATH_SEARCH_PATHS = "$(inherited) @executable_path/Frameworks";
				PRODUCT_NAME = "$(TARGET_NAME)";
			};
			name = Release;
		};
		49C787941C54BDCE00B1FE6D /* Debug */ = {
			isa = XCBuildConfiguration;
			buildSettings = {
				BUNDLE_LOADER = "$(TEST_HOST)";
				FRAMEWORK_SEARCH_PATHS = (
					"$(SDKROOT)/Developer/Library/Frameworks",
					"$(inherited)",
				);
				GCC_PREPROCESSOR_DEFINITIONS = (
					"DEBUG=1",
					"$(inherited)",
				);
				INFOPLIST_FILE = TabBarTestTests/Info.plist;
				LD_RUNPATH_SEARCH_PATHS = "$(inherited) @executable_path/Frameworks @loader_path/Frameworks";
				PRODUCT_NAME = "$(TARGET_NAME)";
				TEST_HOST = "$(BUILT_PRODUCTS_DIR)/TabBarTest.app/TabBarTest";
			};
			name = Debug;
		};
		49C787951C54BDCE00B1FE6D /* Release */ = {
			isa = XCBuildConfiguration;
			buildSettings = {
				BUNDLE_LOADER = "$(TEST_HOST)";
				FRAMEWORK_SEARCH_PATHS = (
					"$(SDKROOT)/Developer/Library/Frameworks",
					"$(inherited)",
				);
				INFOPLIST_FILE = TabBarTestTests/Info.plist;
				LD_RUNPATH_SEARCH_PATHS = "$(inherited) @executable_path/Frameworks @loader_path/Frameworks";
				PRODUCT_NAME = "$(TARGET_NAME)";
				TEST_HOST = "$(BUILT_PRODUCTS_DIR)/TabBarTest.app/TabBarTest";
			};
			name = Release;
		};
/* End XCBuildConfiguration section */

/* Begin XCConfigurationList section */
		49C787681C54BDCD00B1FE6D /* Build configuration list for PBXProject "TabBarTest" */ = {
			isa = XCConfigurationList;
			buildConfigurations = (
				49C7878E1C54BDCE00B1FE6D /* Debug */,
				49C7878F1C54BDCE00B1FE6D /* Release */,
			);
			defaultConfigurationIsVisible = 0;
			defaultConfigurationName = Release;
		};
		49C787901C54BDCE00B1FE6D /* Build configuration list for PBXNativeTarget "TabBarTest" */ = {
			isa = XCConfigurationList;
			buildConfigurations = (
				49C787911C54BDCE00B1FE6D /* Debug */,
				49C787921C54BDCE00B1FE6D /* Release */,
			);
			defaultConfigurationIsVisible = 0;
		};
		49C787931C54BDCE00B1FE6D /* Build configuration list for PBXNativeTarget "TabBarTestTests" */ = {
			isa = XCConfigurationList;
			buildConfigurations = (
				49C787941C54BDCE00B1FE6D /* Debug */,
				49C787951C54BDCE00B1FE6D /* Release */,
			);
			defaultConfigurationIsVisible = 0;
		};
/* End XCConfigurationList section */
	};
	rootObject = 49C787651C54BDCD00B1FE6D /* Project object */;
}
